
Microsoft Visual Studio Solution File, Format Version 12.00
# Visual Studio Version 17
VisualStudioVersion = 17.10.35013.160
MinimumVisualStudioVersion = 10.0.40219.1
Project("{FAE04EC0-301F-11D3-BF4B-00C04F79EFBC}") = "WinFormsApp", "WinFormsApp.csproj", "{94E5DCCB-5AAD-43BA-925F-7C211E5F078D}"
EndProject
Global
	GlobalSection(SolutionConfigurationPlatforms) = preSolution
		Debug|Any CPU = Debug|Any CPU
		Release|Any CPU = Release|Any CPU
	EndGlobalSection
	GlobalSection(ProjectConfigurationPlatforms) = postSolution
		{94E5DCCB-5AAD-43BA-925F-7C211E5F078D}.Debug|Any CPU.ActiveCfg = Debug|Any CPU
		{94E5DCCB-5AAD-43BA-925F-7C211E5F078D}.Debug|Any CPU.Build.0 = Debug|Any CPU
		{94E5DCCB-5AAD-43BA-925F-7C211E5F078D}.Release|Any CPU.ActiveCfg = Release|Any CPU
		{94E5DCCB-5AAD-43BA-925F-7C211E5F078D}.Release|Any CPU.Build.0 = Release|Any CPU
	EndGlobalSection
	GlobalSection(SolutionProperties) = preSolution
		HideSolutionNode = FALSE
	EndGlobalSection
	GlobalSection(ExtensibilityGlobals) = postSolution
		SolutionGuid = {4C630BE7-6334-4E9E-A6CC-58CB3469509A}
	EndGlobalSection
EndGlobal
